// !$*UTF8*$!
{
	archiveVersion = 1;
	classes = {
	};
	objectVersion = 56;
	objects = {

/* Begin PBXBuildFile section */
		DD2BDCA12AED1E25004E9D14 /* appClipTestApp.swift in Sources */ = {isa = PBXBuildFile; fileRef = DD2BDCA02AED1E25004E9D14 /* appClipTestApp.swift */; };
		DD2BDCA32AED1E25004E9D14 /* ContentView.swift in Sources */ = {isa = PBXBuildFile; fileRef = DD2BDCA22AED1E25004E9D14 /* ContentView.swift */; };
		DD2BDCA52AED1E26004E9D14 /* Assets.xcassets in Resources */ = {isa = PBXBuildFile; fileRef = DD2BDCA42AED1E26004E9D14 /* Assets.xcassets */; };
		DD2BDCA82AED1E26004E9D14 /* Preview Assets.xcassets in Resources */ = {isa = PBXBuildFile; fileRef = DD2BDCA72AED1E26004E9D14 /* Preview Assets.xcassets */; };
		DD2BDCB52AED23B3004E9D14 /* appClipTestAppClipItselfApp.swift in Sources */ = {isa = PBXBuildFile; fileRef = DD2BDCB42AED23B3004E9D14 /* appClipTestAppClipItselfApp.swift */; };
		DD2BDCB72AED23B3004E9D14 /* ContentView.swift in Sources */ = {isa = PBXBuildFile; fileRef = DD2BDCB62AED23B3004E9D14 /* ContentView.swift */; };
		DD2BDCB92AED23B4004E9D14 /* Assets.xcassets in Resources */ = {isa = PBXBuildFile; fileRef = DD2BDCB82AED23B4004E9D14 /* Assets.xcassets */; };
		DD2BDCBC2AED23B4004E9D14 /* Preview Assets.xcassets in Resources */ = {isa = PBXBuildFile; fileRef = DD2BDCBB2AED23B4004E9D14 /* Preview Assets.xcassets */; };
		DD2BDCC12AED23B4004E9D14 /* appClipTestAppClipItself.app in Embed App Clips */ = {isa = PBXBuildFile; fileRef = DD2BDCB22AED23B3004E9D14 /* appClipTestAppClipItself.app */; settings = {ATTRIBUTES = (RemoveHeadersOnCopy, ); }; };
/* End PBXBuildFile section */

/* Begin PBXContainerItemProxy section */
		DD2BDCBF2AED23B4004E9D14 /* PBXContainerItemProxy */ = {
			isa = PBXContainerItemProxy;
			containerPortal = DD2BDC952AED1E25004E9D14 /* Project object */;
			proxyType = 1;
			remoteGlobalIDString = DD2BDCB12AED23B3004E9D14;
			remoteInfo = appClipTestAppClipItself;
		};
/* End PBXContainerItemProxy section */

/* Begin PBXCopyFilesBuildPhase section */
		DD2BDCC52AED23B4004E9D14 /* Embed App Clips */ = {
			isa = PBXCopyFilesBuildPhase;
			buildActionMask = 2147483647;
			dstPath = "$(CONTENTS_FOLDER_PATH)/AppClips";
			dstSubfolderSpec = 16;
			files = (
				DD2BDCC12AED23B4004E9D14 /* appClipTestAppClipItself.app in Embed App Clips */,
			);
			name = "Embed App Clips";
			runOnlyForDeploymentPostprocessing = 0;
		};
/* End PBXCopyFilesBuildPhase section */

/* Begin PBXFileReference section */
		DD2BDC9D2AED1E25004E9D14 /* appClipTest.app */ = {isa = PBXFileReference; explicitFileType = wrapper.application; includeInIndex = 0; path = appClipTest.app; sourceTree = BUILT_PRODUCTS_DIR; };
		DD2BDCA02AED1E25004E9D14 /* appClipTestApp.swift */ = {isa = PBXFileReference; lastKnownFileType = sourcecode.swift; path = appClipTestApp.swift; sourceTree = "<group>"; };
		DD2BDCA22AED1E25004E9D14 /* ContentView.swift */ = {isa = PBXFileReference; lastKnownFileType = sourcecode.swift; path = ContentView.swift; sourceTree = "<group>"; };
		DD2BDCA42AED1E26004E9D14 /* Assets.xcassets */ = {isa = PBXFileReference; lastKnownFileType = folder.assetcatalog; path = Assets.xcassets; sourceTree = "<group>"; };
		DD2BDCA72AED1E26004E9D14 /* Preview Assets.xcassets */ = {isa = PBXFileReference; lastKnownFileType = folder.assetcatalog; path = "Preview Assets.xcassets"; sourceTree = "<group>"; };
		DD2BDCB22AED23B3004E9D14 /* appClipTestAppClipItself.app */ = {isa = PBXFileReference; explicitFileType = wrapper.application; includeInIndex = 0; path = appClipTestAppClipItself.app; sourceTree = BUILT_PRODUCTS_DIR; };
		DD2BDCB42AED23B3004E9D14 /* appClipTestAppClipItselfApp.swift */ = {isa = PBXFileReference; lastKnownFileType = sourcecode.swift; path = appClipTestAppClipItselfApp.swift; sourceTree = "<group>"; };
		DD2BDCB62AED23B3004E9D14 /* ContentView.swift */ = {isa = PBXFileReference; lastKnownFileType = sourcecode.swift; path = ContentView.swift; sourceTree = "<group>"; };
		DD2BDCB82AED23B4004E9D14 /* Assets.xcassets */ = {isa = PBXFileReference; lastKnownFileType = folder.assetcatalog; path = Assets.xcassets; sourceTree = "<group>"; };
		DD2BDCBB2AED23B4004E9D14 /* Preview Assets.xcassets */ = {isa = PBXFileReference; lastKnownFileType = folder.assetcatalog; path = "Preview Assets.xcassets"; sourceTree = "<group>"; };
		DD2BDCBD2AED23B4004E9D14 /* Info.plist */ = {isa = PBXFileReference; lastKnownFileType = text.plist.xml; path = Info.plist; sourceTree = "<group>"; };
		DD2BDCBE2AED23B4004E9D14 /* appClipTestAppClipItself.entitlements */ = {isa = PBXFileReference; lastKnownFileType = text.plist.entitlements; path = appClipTestAppClipItself.entitlements; sourceTree = "<group>"; };
		DD2BDCCA2AED2F55004E9D14 /* _config.yml */ = {isa = PBXFileReference; lastKnownFileType = text.yaml; path = _config.yml; sourceTree = "<group>"; };
/* End PBXFileReference section */

/* Begin PBXFrameworksBuildPhase section */
		DD2BDC9A2AED1E25004E9D14 /* Frameworks */ = {
			isa = PBXFrameworksBuildPhase;
			buildActionMask = 2147483647;
			files = (
			);
			runOnlyForDeploymentPostprocessing = 0;
		};
		DD2BDCAF2AED23B3004E9D14 /* Frameworks */ = {
			isa = PBXFrameworksBuildPhase;
			buildActionMask = 2147483647;
			files = (
			);
			runOnlyForDeploymentPostprocessing = 0;
		};
/* End PBXFrameworksBuildPhase section */

/* Begin PBXGroup section */
		DD2BDC942AED1E25004E9D14 = {
			isa = PBXGroup;
			children = (
				DD2BDCCA2AED2F55004E9D14 /* _config.yml */,
				DD2BDC9F2AED1E25004E9D14 /* appClipTest */,
				DD2BDCB32AED23B3004E9D14 /* appClipTestAppClipItself */,
				DD2BDC9E2AED1E25004E9D14 /* Products */,
			);
			sourceTree = "<group>";
		};
		DD2BDC9E2AED1E25004E9D14 /* Products */ = {
			isa = PBXGroup;
			children = (
				DD2BDC9D2AED1E25004E9D14 /* appClipTest.app */,
				DD2BDCB22AED23B3004E9D14 /* appClipTestAppClipItself.app */,
			);
			name = Products;
			sourceTree = "<group>";
		};
		DD2BDC9F2AED1E25004E9D14 /* appClipTest */ = {
			isa = PBXGroup;
			children = (
				DD2BDCA02AED1E25004E9D14 /* appClipTestApp.swift */,
				DD2BDCA22AED1E25004E9D14 /* ContentView.swift */,
				DD2BDCA42AED1E26004E9D14 /* Assets.xcassets */,
				DD2BDCA62AED1E26004E9D14 /* Preview Content */,
			);
			path = appClipTest;
			sourceTree = "<group>";
		};
		DD2BDCA62AED1E26004E9D14 /* Preview Content */ = {
			isa = PBXGroup;
			children = (
				DD2BDCA72AED1E26004E9D14 /* Preview Assets.xcassets */,
			);
			path = "Preview Content";
			sourceTree = "<group>";
		};
		DD2BDCB32AED23B3004E9D14 /* appClipTestAppClipItself */ = {
			isa = PBXGroup;
			children = (
				DD2BDCB42AED23B3004E9D14 /* appClipTestAppClipItselfApp.swift */,
				DD2BDCB62AED23B3004E9D14 /* ContentView.swift */,
				DD2BDCB82AED23B4004E9D14 /* Assets.xcassets */,
				DD2BDCBD2AED23B4004E9D14 /* Info.plist */,
				DD2BDCBE2AED23B4004E9D14 /* appClipTestAppClipItself.entitlements */,
				DD2BDCBA2AED23B4004E9D14 /* Preview Content */,
			);
			path = appClipTestAppClipItself;
			sourceTree = "<group>";
		};
		DD2BDCBA2AED23B4004E9D14 /* Preview Content */ = {
			isa = PBXGroup;
			children = (
				DD2BDCBB2AED23B4004E9D14 /* Preview Assets.xcassets */,
			);
			path = "Preview Content";
			sourceTree = "<group>";
		};
/* End PBXGroup section */

/* Begin PBXNativeTarget section */
		DD2BDC9C2AED1E25004E9D14 /* appClipTest */ = {
			isa = PBXNativeTarget;
			buildConfigurationList = DD2BDCAB2AED1E26004E9D14 /* Build configuration list for PBXNativeTarget "appClipTest" */;
			buildPhases = (
				DD2BDC992AED1E25004E9D14 /* Sources */,
				DD2BDC9A2AED1E25004E9D14 /* Frameworks */,
				DD2BDC9B2AED1E25004E9D14 /* Resources */,
				DD2BDCC52AED23B4004E9D14 /* Embed App Clips */,
			);
			buildRules = (
			);
			dependencies = (
				DD2BDCC02AED23B4004E9D14 /* PBXTargetDependency */,
			);
			name = appClipTest;
			productName = appClipTest;
			productReference = DD2BDC9D2AED1E25004E9D14 /* appClipTest.app */;
			productType = "com.apple.product-type.application";
		};
		DD2BDCB12AED23B3004E9D14 /* appClipTestAppClipItself */ = {
			isa = PBXNativeTarget;
			buildConfigurationList = DD2BDCC22AED23B4004E9D14 /* Build configuration list for PBXNativeTarget "appClipTestAppClipItself" */;
			buildPhases = (
				DD2BDCAE2AED23B3004E9D14 /* Sources */,
				DD2BDCAF2AED23B3004E9D14 /* Frameworks */,
				DD2BDCB02AED23B3004E9D14 /* Resources */,
			);
			buildRules = (
			);
			dependencies = (
			);
			name = appClipTestAppClipItself;
			productName = appClipTestAppClipItself;
			productReference = DD2BDCB22AED23B3004E9D14 /* appClipTestAppClipItself.app */;
			productType = "com.apple.product-type.application.on-demand-install-capable";
		};
/* End PBXNativeTarget section */

/* Begin PBXProject section */
		DD2BDC952AED1E25004E9D14 /* Project object */ = {
			isa = PBXProject;
			attributes = {
				BuildIndependentTargetsInParallel = 1;
				LastSwiftUpdateCheck = 1500;
				LastUpgradeCheck = 1500;
				TargetAttributes = {
					DD2BDC9C2AED1E25004E9D14 = {
						CreatedOnToolsVersion = 15.0;
					};
					DD2BDCB12AED23B3004E9D14 = {
						CreatedOnToolsVersion = 15.0;
					};
				};
			};
			buildConfigurationList = DD2BDC982AED1E25004E9D14 /* Build configuration list for PBXProject "appClipTest" */;
			compatibilityVersion = "Xcode 14.0";
			developmentRegion = en;
			hasScannedForEncodings = 0;
			knownRegions = (
				en,
				Base,
			);
			mainGroup = DD2BDC942AED1E25004E9D14;
			productRefGroup = DD2BDC9E2AED1E25004E9D14 /* Products */;
			projectDirPath = "";
			projectRoot = "";
			targets = (
				DD2BDC9C2AED1E25004E9D14 /* appClipTest */,
				DD2BDCB12AED23B3004E9D14 /* appClipTestAppClipItself */,
			);
		};
/* End PBXProject section */

/* Begin PBXResourcesBuildPhase section */
		DD2BDC9B2AED1E25004E9D14 /* Resources */ = {
			isa = PBXResourcesBuildPhase;
			buildActionMask = 2147483647;
			files = (
				DD2BDCA82AED1E26004E9D14 /* Preview Assets.xcassets in Resources */,
				DD2BDCA52AED1E26004E9D14 /* Assets.xcassets in Resources */,
			);
			runOnlyForDeploymentPostprocessing = 0;
		};
		DD2BDCB02AED23B3004E9D14 /* Resources */ = {
			isa = PBXResourcesBuildPhase;
			buildActionMask = 2147483647;
			files = (
				DD2BDCBC2AED23B4004E9D14 /* Preview Assets.xcassets in Resources */,
				DD2BDCB92AED23B4004E9D14 /* Assets.xcassets in Resources */,
			);
			runOnlyForDeploymentPostprocessing = 0;
		};
/* End PBXResourcesBuildPhase section */

/* Begin PBXSourcesBuildPhase section */
		DD2BDC992AED1E25004E9D14 /* Sources */ = {
			isa = PBXSourcesBuildPhase;
			buildActionMask = 2147483647;
			files = (
				DD2BDCA32AED1E25004E9D14 /* ContentView.swift in Sources */,
				DD2BDCA12AED1E25004E9D14 /* appClipTestApp.swift in Sources */,
			);
			runOnlyForDeploymentPostprocessing = 0;
		};
		DD2BDCAE2AED23B3004E9D14 /* Sources */ = {
			isa = PBXSourcesBuildPhase;
			buildActionMask = 2147483647;
			files = (
				DD2BDCB72AED23B3004E9D14 /* ContentView.swift in Sources */,
				DD2BDCB52AED23B3004E9D14 /* appClipTestAppClipItselfApp.swift in Sources */,
			);
			runOnlyForDeploymentPostprocessing = 0;
		};
/* End PBXSourcesBuildPhase section */

/* Begin PBXTargetDependency section */
		DD2BDCC02AED23B4004E9D14 /* PBXTargetDependency */ = {
			isa = PBXTargetDependency;
			target = DD2BDCB12AED23B3004E9D14 /* appClipTestAppClipItself */;
			targetProxy = DD2BDCBF2AED23B4004E9D14 /* PBXContainerItemProxy */;
		};
/* End PBXTargetDependency section */

/* Begin XCBuildConfiguration section */
		DD2BDCA92AED1E26004E9D14 /* Debug */ = {
			isa = XCBuildConfiguration;
			buildSettings = {
				ALWAYS_SEARCH_USER_PATHS = NO;
				ASSETCATALOG_COMPILER_GENERATE_SWIFT_ASSET_SYMBOL_EXTENSIONS = YES;
				CLANG_ANALYZER_NONNULL = YES;
				CLANG_ANALYZER_NUMBER_OBJECT_CONVERSION = YES_AGGRESSIVE;
				CLANG_CXX_LANGUAGE_STANDARD = "gnu++20";
				CLANG_ENABLE_MODULES = YES;
				CLANG_ENABLE_OBJC_ARC = YES;
				CLANG_ENABLE_OBJC_WEAK = YES;
				CLANG_WARN_BLOCK_CAPTURE_AUTORELEASING = YES;
				CLANG_WARN_BOOL_CONVERSION = YES;
				CLANG_WARN_COMMA = YES;
				CLANG_WARN_CONSTANT_CONVERSION = YES;
				CLANG_WARN_DEPRECATED_OBJC_IMPLEMENTATIONS = YES;
				CLANG_WARN_DIRECT_OBJC_ISA_USAGE = YES_ERROR;
				CLANG_WARN_DOCUMENTATION_COMMENTS = YES;
				CLANG_WARN_EMPTY_BODY = YES;
				CLANG_WARN_ENUM_CONVERSION = YES;
				CLANG_WARN_INFINITE_RECURSION = YES;
				CLANG_WARN_INT_CONVERSION = YES;
				CLANG_WARN_NON_LITERAL_NULL_CONVERSION = YES;
				CLANG_WARN_OBJC_IMPLICIT_RETAIN_SELF = YES;
				CLANG_WARN_OBJC_LITERAL_CONVERSION = YES;
				CLANG_WARN_OBJC_ROOT_CLASS = YES_ERROR;
				CLANG_WARN_QUOTED_INCLUDE_IN_FRAMEWORK_HEADER = YES;
				CLANG_WARN_RANGE_LOOP_ANALYSIS = YES;
				CLANG_WARN_STRICT_PROTOTYPES = YES;
				CLANG_WARN_SUSPICIOUS_MOVE = YES;
				CLANG_WARN_UNGUARDED_AVAILABILITY = YES_AGGRESSIVE;
				CLANG_WARN_UNREACHABLE_CODE = YES;
				CLANG_WARN__DUPLICATE_METHOD_MATCH = YES;
				COPY_PHASE_STRIP = NO;
				DEBUG_INFORMATION_FORMAT = dwarf;
				ENABLE_STRICT_OBJC_MSGSEND = YES;
				ENABLE_TESTABILITY = YES;
				ENABLE_USER_SCRIPT_SANDBOXING = YES;
				GCC_C_LANGUAGE_STANDARD = gnu17;
				GCC_DYNAMIC_NO_PIC = NO;
				GCC_NO_COMMON_BLOCKS = YES;
				GCC_OPTIMIZATION_LEVEL = 0;
				GCC_PREPROCESSOR_DEFINITIONS = (
					"DEBUG=1",
					"$(inherited)",
				);
				GCC_WARN_64_TO_32_BIT_CONVERSION = YES;
				GCC_WARN_ABOUT_RETURN_TYPE = YES_ERROR;
				GCC_WARN_UNDECLARED_SELECTOR = YES;
				GCC_WARN_UNINITIALIZED_AUTOS = YES_AGGRESSIVE;
				GCC_WARN_UNUSED_FUNCTION = YES;
				GCC_WARN_UNUSED_VARIABLE = YES;
				IPHONEOS_DEPLOYMENT_TARGET = 17.0;
				LOCALIZATION_PREFERS_STRING_CATALOGS = YES;
				MTL_ENABLE_DEBUG_INFO = INCLUDE_SOURCE;
				MTL_FAST_MATH = YES;
				ONLY_ACTIVE_ARCH = YES;
				SDKROOT = iphoneos;
				SWIFT_ACTIVE_COMPILATION_CONDITIONS = "DEBUG $(inherited)";
				SWIFT_OPTIMIZATION_LEVEL = "-Onone";
			};
			name = Debug;
		};
		DD2BDCAA2AED1E26004E9D14 /* Release */ = {
			isa = XCBuildConfiguration;
			buildSettings = {
				ALWAYS_SEARCH_USER_PATHS = NO;
				ASSETCATALOG_COMPILER_GENERATE_SWIFT_ASSET_SYMBOL_EXTENSIONS = YES;
				CLANG_ANALYZER_NONNULL = YES;
				CLANG_ANALYZER_NUMBER_OBJECT_CONVERSION = YES_AGGRESSIVE;
				CLANG_CXX_LANGUAGE_STANDARD = "gnu++20";
				CLANG_ENABLE_MODULES = YES;
				CLANG_ENABLE_OBJC_ARC = YES;
				CLANG_ENABLE_OBJC_WEAK = YES;
				CLANG_WARN_BLOCK_CAPTURE_AUTORELEASING = YES;
				CLANG_WARN_BOOL_CONVERSION = YES;
				CLANG_WARN_COMMA = YES;
				CLANG_WARN_CONSTANT_CONVERSION = YES;
				CLANG_WARN_DEPRECATED_OBJC_IMPLEMENTATIONS = YES;
				CLANG_WARN_DIRECT_OBJC_ISA_USAGE = YES_ERROR;
				CLANG_WARN_DOCUMENTATION_COMMENTS = YES;
				CLANG_WARN_EMPTY_BODY = YES;
				CLANG_WARN_ENUM_CONVERSION = YES;
				CLANG_WARN_INFINITE_RECURSION = YES;
				CLANG_WARN_INT_CONVERSION = YES;
				CLANG_WARN_NON_LITERAL_NULL_CONVERSION = YES;
				CLANG_WARN_OBJC_IMPLICIT_RETAIN_SELF = YES;
				CLANG_WARN_OBJC_LITERAL_CONVERSION = YES;
				CLANG_WARN_OBJC_ROOT_CLASS = YES_ERROR;
				CLANG_WARN_QUOTED_INCLUDE_IN_FRAMEWORK_HEADER = YES;
				CLANG_WARN_RANGE_LOOP_ANALYSIS = YES;
				CLANG_WARN_STRICT_PROTOTYPES = YES;
				CLANG_WARN_SUSPICIOUS_MOVE = YES;
				CLANG_WARN_UNGUARDED_AVAILABILITY = YES_AGGRESSIVE;
				CLANG_WARN_UNREACHABLE_CODE = YES;
				CLANG_WARN__DUPLICATE_METHOD_MATCH = YES;
				COPY_PHASE_STRIP = NO;
				DEBUG_INFORMATION_FORMAT = "dwarf-with-dsym";
				ENABLE_NS_ASSERTIONS = NO;
				ENABLE_STRICT_OBJC_MSGSEND = YES;
				ENABLE_USER_SCRIPT_SANDBOXING = YES;
				GCC_C_LANGUAGE_STANDARD = gnu17;
				GCC_NO_COMMON_BLOCKS = YES;
				GCC_WARN_64_TO_32_BIT_CONVERSION = YES;
				GCC_WARN_ABOUT_RETURN_TYPE = YES_ERROR;
				GCC_WARN_UNDECLARED_SELECTOR = YES;
				GCC_WARN_UNINITIALIZED_AUTOS = YES_AGGRESSIVE;
				GCC_WARN_UNUSED_FUNCTION = YES;
				GCC_WARN_UNUSED_VARIABLE = YES;
				IPHONEOS_DEPLOYMENT_TARGET = 17.0;
				LOCALIZATION_PREFERS_STRING_CATALOGS = YES;
				MTL_ENABLE_DEBUG_INFO = NO;
				MTL_FAST_MATH = YES;
				SDKROOT = iphoneos;
				SWIFT_COMPILATION_MODE = wholemodule;
				VALIDATE_PRODUCT = YES;
			};
			name = Release;
		};
		DD2BDCAC2AED1E26004E9D14 /* Debug */ = {
			isa = XCBuildConfiguration;
			buildSettings = {
				ALWAYS_EMBED_SWIFT_STANDARD_LIBRARIES = YES;
				ASSETCATALOG_COMPILER_APPICON_NAME = AppIcon;
				ASSETCATALOG_COMPILER_GLOBAL_ACCENT_COLOR_NAME = AccentColor;
				CODE_SIGN_STYLE = Automatic;
				CURRENT_PROJECT_VERSION = 1;
				DEVELOPMENT_ASSET_PATHS = "\"appClipTest/Preview Content\"";
				DEVELOPMENT_TEAM = MD322A3U2Z;
				ENABLE_PREVIEWS = YES;
				GENERATE_INFOPLIST_FILE = YES;
				INFOPLIST_KEY_UIApplicationSceneManifest_Generation = YES;
				INFOPLIST_KEY_UIApplicationSupportsIndirectInputEvents = YES;
				INFOPLIST_KEY_UILaunchScreen_Generation = YES;
				INFOPLIST_KEY_UISupportedInterfaceOrientations_iPad = "UIInterfaceOrientationPortrait UIInterfaceOrientationPortraitUpsideDown UIInterfaceOrientationLandscapeLeft UIInterfaceOrientationLandscapeRight";
				INFOPLIST_KEY_UISupportedInterfaceOrientations_iPhone = "UIInterfaceOrientationPortrait UIInterfaceOrientationLandscapeLeft UIInterfaceOrientationLandscapeRight";
				LD_RUNPATH_SEARCH_PATHS = (
					"$(inherited)",
					"@executable_path/Frameworks",
				);
				MARKETING_VERSION = 1.0;
				PRODUCT_BUNDLE_IDENTIFIER = com.anjaremic.appClipTest;
				PRODUCT_NAME = "$(TARGET_NAME)";
				SWIFT_EMIT_LOC_STRINGS = YES;
				SWIFT_VERSION = 5.0;
				TARGETED_DEVICE_FAMILY = "1,2";
			};
			name = Debug;
		};
		DD2BDCAD2AED1E26004E9D14 /* Release */ = {
			isa = XCBuildConfiguration;
			buildSettings = {
				ALWAYS_EMBED_SWIFT_STANDARD_LIBRARIES = YES;
				ASSETCATALOG_COMPILER_APPICON_NAME = AppIcon;
				ASSETCATALOG_COMPILER_GLOBAL_ACCENT_COLOR_NAME = AccentColor;
				CODE_SIGN_STYLE = Automatic;
				CURRENT_PROJECT_VERSION = 1;
				DEVELOPMENT_ASSET_PATHS = "\"appClipTest/Preview Content\"";
				DEVELOPMENT_TEAM = MD322A3U2Z;
				ENABLE_PREVIEWS = YES;
				GENERATE_INFOPLIST_FILE = YES;
				INFOPLIST_KEY_UIApplicationSceneManifest_Generation = YES;
				INFOPLIST_KEY_UIApplicationSupportsIndirectInputEvents = YES;
				INFOPLIST_KEY_UILaunchScreen_Generation = YES;
				INFOPLIST_KEY_UISupportedInterfaceOrientations_iPad = "UIInterfaceOrientationPortrait UIInterfaceOrientationPortraitUpsideDown UIInterfaceOrientationLandscapeLeft UIInterfaceOrientationLandscapeRight";
				INFOPLIST_KEY_UISupportedInterfaceOrientations_iPhone = "UIInterfaceOrientationPortrait UIInterfaceOrientationLandscapeLeft UIInterfaceOrientationLandscapeRight";
				LD_RUNPATH_SEARCH_PATHS = (
					"$(inherited)",
					"@executable_path/Frameworks",
				);
				MARKETING_VERSION = 1.0;
				PRODUCT_BUNDLE_IDENTIFIER = com.anjaremic.appClipTest;
				PRODUCT_NAME = "$(TARGET_NAME)";
				SWIFT_EMIT_LOC_STRINGS = YES;
				SWIFT_VERSION = 5.0;
				TARGETED_DEVICE_FAMILY = "1,2";
			};
			name = Release;
		};
		DD2BDCC32AED23B4004E9D14 /* Debug */ = {
			isa = XCBuildConfiguration;
			buildSettings = {
				ASSETCATALOG_COMPILER_APPICON_NAME = AppIcon;
				ASSETCATALOG_COMPILER_GLOBAL_ACCENT_COLOR_NAME = AccentColor;
				CODE_SIGN_ENTITLEMENTS = appClipTestAppClipItself/appClipTestAppClipItself.entitlements;
				CODE_SIGN_STYLE = Automatic;
				CURRENT_PROJECT_VERSION = 1;
				DEVELOPMENT_ASSET_PATHS = "\"appClipTestAppClipItself/Preview Content\"";
				DEVELOPMENT_TEAM = MD322A3U2Z;
				ENABLE_PREVIEWS = YES;
				GENERATE_INFOPLIST_FILE = YES;
				INFOPLIST_FILE = appClipTestAppClipItself/Info.plist;
				INFOPLIST_KEY_CFBundleDisplayName = appClipTest;
				INFOPLIST_KEY_UIApplicationSceneManifest_Generation = YES;
				INFOPLIST_KEY_UIApplicationSupportsIndirectInputEvents = YES;
				INFOPLIST_KEY_UILaunchScreen_Generation = YES;
				INFOPLIST_KEY_UISupportedInterfaceOrientations_iPad = "UIInterfaceOrientationPortrait UIInterfaceOrientationPortraitUpsideDown UIInterfaceOrientationLandscapeLeft UIInterfaceOrientationLandscapeRight";
				INFOPLIST_KEY_UISupportedInterfaceOrientations_iPhone = "UIInterfaceOrientationPortrait UIInterfaceOrientationLandscapeLeft UIInterfaceOrientationLandscapeRight";
				LD_RUNPATH_SEARCH_PATHS = (
					"$(inherited)",
					"@executable_path/Frameworks",
				);
				MARKETING_VERSION = 1.0;
				PRODUCT_BUNDLE_IDENTIFIER = com.anjaremic.appClipTest.Clip;
				PRODUCT_NAME = "$(TARGET_NAME)";
				SWIFT_EMIT_LOC_STRINGS = YES;
				SWIFT_VERSION = 5.0;
				TARGETED_DEVICE_FAMILY = "1,2";
			};
			name = Debug;
		};
		DD2BDCC42AED23B4004E9D14 /* Release */ = {
			isa = XCBuildConfiguration;
			buildSettings = {
				ASSETCATALOG_COMPILER_APPICON_NAME = AppIcon;
				ASSETCATALOG_COMPILER_GLOBAL_ACCENT_COLOR_NAME = AccentColor;
				CODE_SIGN_ENTITLEMENTS = appClipTestAppClipItself/appClipTestAppClipItself.entitlements;
				CODE_SIGN_STYLE = Automatic;
				CURRENT_PROJECT_VERSION = 1;
				DEVELOPMENT_ASSET_PATHS = "\"appClipTestAppClipItself/Preview Content\"";
				DEVELOPMENT_TEAM = MD322A3U2Z;
				ENABLE_PREVIEWS = YES;
				GENERATE_INFOPLIST_FILE = YES;
				INFOPLIST_FILE = appClipTestAppClipItself/Info.plist;
				INFOPLIST_KEY_CFBundleDisplayName = appClipTest;
				INFOPLIST_KEY_UIApplicationSceneManifest_Generation = YES;
				INFOPLIST_KEY_UIApplicationSupportsIndirectInputEvents = YES;
				INFOPLIST_KEY_UILaunchScreen_Generation = YES;
				INFOPLIST_KEY_UISupportedInterfaceOrientations_iPad = "UIInterfaceOrientationPortrait UIInterfaceOrientationPortraitUpsideDown UIInterfaceOrientationLandscapeLeft UIInterfaceOrientationLandscapeRight";
				INFOPLIST_KEY_UISupportedInterfaceOrientations_iPhone = "UIInterfaceOrientationPortrait UIInterfaceOrientationLandscapeLeft UIInterfaceOrientationLandscapeRight";
				LD_RUNPATH_SEARCH_PATHS = (
					"$(inherited)",
					"@executable_path/Frameworks",
				);
				MARKETING_VERSION = 1.0;
				PRODUCT_BUNDLE_IDENTIFIER = com.anjaremic.appClipTest.Clip;
				PRODUCT_NAME = "$(TARGET_NAME)";
				SWIFT_EMIT_LOC_STRINGS = YES;
				SWIFT_VERSION = 5.0;
				TARGETED_DEVICE_FAMILY = "1,2";
			};
			name = Release;
		};
/* End XCBuildConfiguration section */

/* Begin XCConfigurationList section */
		DD2BDC982AED1E25004E9D14 /* Build configuration list for PBXProject "appClipTest" */ = {
			isa = XCConfigurationList;
			buildConfigurations = (
				DD2BDCA92AED1E26004E9D14 /* Debug */,
				DD2BDCAA2AED1E26004E9D14 /* Release */,
			);
			defaultConfigurationIsVisible = 0;
			defaultConfigurationName = Release;
		};
		DD2BDCAB2AED1E26004E9D14 /* Build configuration list for PBXNativeTarget "appClipTest" */ = {
			isa = XCConfigurationList;
			buildConfigurations = (
				DD2BDCAC2AED1E26004E9D14 /* Debug */,
				DD2BDCAD2AED1E26004E9D14 /* Release */,
			);
			defaultConfigurationIsVisible = 0;
			defaultConfigurationName = Release;
		};
		DD2BDCC22AED23B4004E9D14 /* Build configuration list for PBXNativeTarget "appClipTestAppClipItself" */ = {
			isa = XCConfigurationList;
			buildConfigurations = (
				DD2BDCC32AED23B4004E9D14 /* Debug */,
				DD2BDCC42AED23B4004E9D14 /* Release */,
			);
			defaultConfigurationIsVisible = 0;
			defaultConfigurationName = Release;
		};
/* End XCConfigurationList section */
	};
	rootObject = DD2BDC952AED1E25004E9D14 /* Project object */;
}
